version = 1
revision = 2
requires-python = ">=3.12"

[[package]]
name = "resume"
version = "0.0.0"
source = { virtual = "." }
dependencies = [
    { name = "resume-md" },
]

[package.metadata]
requires-dist = [{ name = "resume-md", specifier = ">=1.0.14" }]

[[package]]
name = "resume-md"
version = "1.1.0"
source = { registry = "https://pypi.org/simple" }
sdist = { url = "https://files.pythonhosted.org/packages/c1/d0/434ed18800f032250dad35223f4d52b3281b0b19b6bd6e7a5f1a6b3fca0e/resume_md-1.1.0.tar.gz", hash = "sha256:ad9a1d5951537ac3a45b2c7bf8d3d80a2f490eaf87c059c6be74fb3982c78b4a", size = 14080, upload-time = "2025-05-14T04:31:44.62Z" }
wheels = [
    { url = "https://files.pythonhosted.org/packages/de/24/ed20ea4664294b6ffec8bfb69a564418cee973ef04ff317b947f0a178fd6/resume_md-1.1.0-py3-none-any.whl", hash = "sha256:b9308cdf7fca437ee80a89f42dd397ca2ec050832efe0d94179c58734a2d6cf9", size = 12734, upload-time = "2025-05-14T04:31:42.993Z" },
]
