version = 1
revision = 2
requires-python = ">=3.12"

[[package]]
name = "resume"
version = "0.0.0"
source = { virtual = "." }
dependencies = [
    { name = "resume-md" },
]

[package.metadata]
requires-dist = [{ name = "resume-md", specifier = ">=1.0.14" }]

[[package]]
name = "resume-md"
version = "1.2.2"
source = { registry = "https://pypi.org/simple" }
sdist = { url = "https://files.pythonhosted.org/packages/8d/12/9dd679fef93b7dad4d81b35fb3506279faca59085b764ee3648eba2fe776/resume_md-1.2.2.tar.gz", hash = "sha256:c11fe8fa3b728b69e41519c83eaca943ada5089f905f6273500397bd9cdc31e8", size = 18833, upload-time = "2025-05-28T01:11:45.575Z" }
wheels = [
    { url = "https://files.pythonhosted.org/packages/e0/5b/342032b3e55423b5c3f47293d61bb330594bce689af5e660bf787440aa49/resume_md-1.2.2-py3-none-any.whl", hash = "sha256:ef5365d0a80b68b23044add434b265592eaf3a7b25d819d5fffe440e79629d58", size = 16342, upload-time = "2025-05-28T01:11:43.844Z" },
]
